
Microsoft Visual Studio Solution File, Format Version 10.00
# Visual Studio 2008
Project("{FAE04EC0-301F-11D3-BF4B-00C04F79EFBC}") = "IQFeed", "IQFeed\IQFeed.csproj", "{C96A1E78-3E5C-4C55-814C-3C9CB6B1ACA9}"
EndProject
Project("{FAE04EC0-301F-11D3-BF4B-00C04F79EFBC}") = "KRS.ATS.IBNet", "KRS.ATS.IBNet\KRS.ATS.IBNet.csproj", "{D71E6924-6AFE-4E54-BE66-C5FDB425429E}"
EndProject
Project("{FAE04EC0-301F-11D3-BF4B-00C04F79EFBC}") = "TWSCSharpPlugin", "TWSPlugin\TWSCSharpPlugin.csproj", "{98672E16-97B1-4204-86CC-EA0009CA15F4}"
EndProject
Global
	GlobalSection(SolutionConfigurationPlatforms) = preSolution
		Debug|Any CPU = Debug|Any CPU
		Release|Any CPU = Release|Any CPU
	EndGlobalSection
	GlobalSection(ProjectConfigurationPlatforms) = postSolution
		{C96A1E78-3E5C-4C55-814C-3C9CB6B1ACA9}.Debug|Any CPU.ActiveCfg = Debug|Any CPU
		{C96A1E78-3E5C-4C55-814C-3C9CB6B1ACA9}.Debug|Any CPU.Build.0 = Debug|Any CPU
		{C96A1E78-3E5C-4C55-814C-3C9CB6B1ACA9}.Release|Any CPU.ActiveCfg = Release|Any CPU
		{C96A1E78-3E5C-4C55-814C-3C9CB6B1ACA9}.Release|Any CPU.Build.0 = Release|Any CPU
		{D71E6924-6AFE-4E54-BE66-C5FDB425429E}.Debug|Any CPU.ActiveCfg = Debug|Any CPU
		{D71E6924-6AFE-4E54-BE66-C5FDB425429E}.Debug|Any CPU.Build.0 = Debug|Any CPU
		{D71E6924-6AFE-4E54-BE66-C5FDB425429E}.Release|Any CPU.ActiveCfg = Release|Any CPU
		{D71E6924-6AFE-4E54-BE66-C5FDB425429E}.Release|Any CPU.Build.0 = Release|Any CPU
		{98672E16-97B1-4204-86CC-EA0009CA15F4}.Debug|Any CPU.ActiveCfg = Debug|Any CPU
		{98672E16-97B1-4204-86CC-EA0009CA15F4}.Debug|Any CPU.Build.0 = Debug|Any CPU
		{98672E16-97B1-4204-86CC-EA0009CA15F4}.Release|Any CPU.ActiveCfg = Release|Any CPU
		{98672E16-97B1-4204-86CC-EA0009CA15F4}.Release|Any CPU.Build.0 = Release|Any CPU
	EndGlobalSection
	GlobalSection(SolutionProperties) = preSolution
		HideSolutionNode = FALSE
	EndGlobalSection
EndGlobal
